// !$*UTF8*$!
{
	archiveVersion = 1;
	classes = {
	};
	objectVersion = 56;
	objects = {

/* Begin PBXBuildFile section */
		7F33FF1128C8DF2500A0FCA9 /* HomeStatisticsView.swift in Sources */ = {isa = PBXBuildFile; fileRef = 7F33FF1028C8DF2500A0FCA9 /* HomeStatisticsView.swift */; };
		7F7C6EC128C9166600DF6C12 /* MarketDataModel.swift in Sources */ = {isa = PBXBuildFile; fileRef = 7F7C6EC028C9166600DF6C12 /* MarketDataModel.swift */; };
		7F7C6EC328C921B200DF6C12 /* MarketDataService.swift in Sources */ = {isa = PBXBuildFile; fileRef = 7F7C6EC228C921B200DF6C12 /* MarketDataService.swift */; };
		7F7C6EC528C9EDA100DF6C12 /* PortfolioView.swift in Sources */ = {isa = PBXBuildFile; fileRef = 7F7C6EC428C9EDA100DF6C12 /* PortfolioView.swift */; };
		7F7C6EC728C9F65F00DF6C12 /* XMarkButton.swift in Sources */ = {isa = PBXBuildFile; fileRef = 7F7C6EC628C9F65F00DF6C12 /* XMarkButton.swift */; };
		7F7C6EC928CA0E3E00DF6C12 /* CoinLogoView.swift in Sources */ = {isa = PBXBuildFile; fileRef = 7F7C6EC828CA0E3E00DF6C12 /* CoinLogoView.swift */; };
		7F7C6ECC28CA8FBF00DF6C12 /* PortfolioContainer.xcdatamodeld in Sources */ = {isa = PBXBuildFile; fileRef = 7F7C6ECA28CA8FBF00DF6C12 /* PortfolioContainer.xcdatamodeld */; };
		7F7C6ECE28CA904C00DF6C12 /* PortfolioDataService.swift in Sources */ = {isa = PBXBuildFile; fileRef = 7F7C6ECD28CA904C00DF6C12 /* PortfolioDataService.swift */; };
		7FAFD47228C6712F0062FF03 /* HomeViewModel.swift in Sources */ = {isa = PBXBuildFile; fileRef = 7FAFD47128C6712F0062FF03 /* HomeViewModel.swift */; };
		7FAFD47528C69C360062FF03 /* CoinDataService.swift in Sources */ = {isa = PBXBuildFile; fileRef = 7FAFD47428C69C360062FF03 /* CoinDataService.swift */; };
		7FAFD47828C7646F0062FF03 /* NetworkingManager.swift in Sources */ = {isa = PBXBuildFile; fileRef = 7FAFD47728C7646F0062FF03 /* NetworkingManager.swift */; };
		7FAFD47B28C783D00062FF03 /* CoinImageView.swift in Sources */ = {isa = PBXBuildFile; fileRef = 7FAFD47A28C783D00062FF03 /* CoinImageView.swift */; };
		7FAFD47F28C78C660062FF03 /* CoinImageService.swift in Sources */ = {isa = PBXBuildFile; fileRef = 7FAFD47E28C78C660062FF03 /* CoinImageService.swift */; };
		7FAFD48128C78E330062FF03 /* CoinImageViewModel.swift in Sources */ = {isa = PBXBuildFile; fileRef = 7FAFD48028C78E330062FF03 /* CoinImageViewModel.swift */; };
		7FAFD48328C7A4CF0062FF03 /* LocalFileManager.swift in Sources */ = {isa = PBXBuildFile; fileRef = 7FAFD48228C7A4CF0062FF03 /* LocalFileManager.swift */; };
		7FC1F88F28C89C7500DF3044 /* SearchBarView.swift in Sources */ = {isa = PBXBuildFile; fileRef = 7FC1F88E28C89C7500DF3044 /* SearchBarView.swift */; };
		7FC1F89128C8A4E100DF3044 /* UIApplication.swift in Sources */ = {isa = PBXBuildFile; fileRef = 7FC1F89028C8A4E100DF3044 /* UIApplication.swift */; };
		7FC1F89328C8D54000DF3044 /* StatisticModel.swift in Sources */ = {isa = PBXBuildFile; fileRef = 7FC1F89228C8D54000DF3044 /* StatisticModel.swift */; };
		7FC1F89528C8D91D00DF3044 /* StatisticView.swift in Sources */ = {isa = PBXBuildFile; fileRef = 7FC1F89428C8D91D00DF3044 /* StatisticView.swift */; };
		7FC244CF28C4B02200E1461C /* Crypto_TrackerApp.swift in Sources */ = {isa = PBXBuildFile; fileRef = 7FC244CE28C4B02200E1461C /* Crypto_TrackerApp.swift */; };
		7FC244D128C4B02200E1461C /* ContentView.swift in Sources */ = {isa = PBXBuildFile; fileRef = 7FC244D028C4B02200E1461C /* ContentView.swift */; };
		7FC244D328C4B02300E1461C /* Assets.xcassets in Resources */ = {isa = PBXBuildFile; fileRef = 7FC244D228C4B02300E1461C /* Assets.xcassets */; };
		7FC244D628C4B02300E1461C /* Preview Assets.xcassets in Resources */ = {isa = PBXBuildFile; fileRef = 7FC244D528C4B02300E1461C /* Preview Assets.xcassets */; };
		7FC244FE28C4C14100E1461C /* Color.swift in Sources */ = {isa = PBXBuildFile; fileRef = 7FC244FD28C4C14100E1461C /* Color.swift */; };
		7FCD7C4428C4C60C009988DD /* HomeView.swift in Sources */ = {isa = PBXBuildFile; fileRef = 7FCD7C4328C4C60C009988DD /* HomeView.swift */; };
		7FCD7C4828C4CA52009988DD /* CircleButtonView.swift in Sources */ = {isa = PBXBuildFile; fileRef = 7FCD7C4728C4CA52009988DD /* CircleButtonView.swift */; };
		7FCD7C4A28C4FEEF009988DD /* CircleButtonAnimationView.swift in Sources */ = {isa = PBXBuildFile; fileRef = 7FCD7C4928C4FEEF009988DD /* CircleButtonAnimationView.swift */; };
		7FCD7C4D28C527DE009988DD /* CoinModel.swift in Sources */ = {isa = PBXBuildFile; fileRef = 7FCD7C4C28C527DE009988DD /* CoinModel.swift */; };
		7FCD7C4F28C537C4009988DD /* CoinRowView.swift in Sources */ = {isa = PBXBuildFile; fileRef = 7FCD7C4E28C537C4009988DD /* CoinRowView.swift */; };
		7FCD7C5128C53841009988DD /* PreviewProvider.swift in Sources */ = {isa = PBXBuildFile; fileRef = 7FCD7C5028C53841009988DD /* PreviewProvider.swift */; };
		7FCD7C5328C54181009988DD /* Double.swift in Sources */ = {isa = PBXBuildFile; fileRef = 7FCD7C5228C54181009988DD /* Double.swift */; };
/* End PBXBuildFile section */

/* Begin PBXFileReference section */
		7F33FF1028C8DF2500A0FCA9 /* HomeStatisticsView.swift */ = {isa = PBXFileReference; lastKnownFileType = sourcecode.swift; path = HomeStatisticsView.swift; sourceTree = "<group>"; };
		7F7C6EC028C9166600DF6C12 /* MarketDataModel.swift */ = {isa = PBXFileReference; lastKnownFileType = sourcecode.swift; path = MarketDataModel.swift; sourceTree = "<group>"; };
		7F7C6EC228C921B200DF6C12 /* MarketDataService.swift */ = {isa = PBXFileReference; lastKnownFileType = sourcecode.swift; path = MarketDataService.swift; sourceTree = "<group>"; };
		7F7C6EC428C9EDA100DF6C12 /* PortfolioView.swift */ = {isa = PBXFileReference; lastKnownFileType = sourcecode.swift; path = PortfolioView.swift; sourceTree = "<group>"; };
		7F7C6EC628C9F65F00DF6C12 /* XMarkButton.swift */ = {isa = PBXFileReference; lastKnownFileType = sourcecode.swift; path = XMarkButton.swift; sourceTree = "<group>"; };
		7F7C6EC828CA0E3E00DF6C12 /* CoinLogoView.swift */ = {isa = PBXFileReference; lastKnownFileType = sourcecode.swift; path = CoinLogoView.swift; sourceTree = "<group>"; };
		7F7C6ECB28CA8FBF00DF6C12 /* PortfolioContainer.xcdatamodel */ = {isa = PBXFileReference; lastKnownFileType = wrapper.xcdatamodel; path = PortfolioContainer.xcdatamodel; sourceTree = "<group>"; };
		7F7C6ECD28CA904C00DF6C12 /* PortfolioDataService.swift */ = {isa = PBXFileReference; lastKnownFileType = sourcecode.swift; path = PortfolioDataService.swift; sourceTree = "<group>"; };
		7FAFD47128C6712F0062FF03 /* HomeViewModel.swift */ = {isa = PBXFileReference; lastKnownFileType = sourcecode.swift; path = HomeViewModel.swift; sourceTree = "<group>"; };
		7FAFD47428C69C360062FF03 /* CoinDataService.swift */ = {isa = PBXFileReference; lastKnownFileType = sourcecode.swift; path = CoinDataService.swift; sourceTree = "<group>"; };
		7FAFD47728C7646F0062FF03 /* NetworkingManager.swift */ = {isa = PBXFileReference; lastKnownFileType = sourcecode.swift; path = NetworkingManager.swift; sourceTree = "<group>"; };
		7FAFD47A28C783D00062FF03 /* CoinImageView.swift */ = {isa = PBXFileReference; lastKnownFileType = sourcecode.swift; path = CoinImageView.swift; sourceTree = "<group>"; };
		7FAFD47E28C78C660062FF03 /* CoinImageService.swift */ = {isa = PBXFileReference; lastKnownFileType = sourcecode.swift; path = CoinImageService.swift; sourceTree = "<group>"; };
		7FAFD48028C78E330062FF03 /* CoinImageViewModel.swift */ = {isa = PBXFileReference; lastKnownFileType = sourcecode.swift; path = CoinImageViewModel.swift; sourceTree = "<group>"; };
		7FAFD48228C7A4CF0062FF03 /* LocalFileManager.swift */ = {isa = PBXFileReference; lastKnownFileType = sourcecode.swift; path = LocalFileManager.swift; sourceTree = "<group>"; };
		7FC1F88E28C89C7500DF3044 /* SearchBarView.swift */ = {isa = PBXFileReference; lastKnownFileType = sourcecode.swift; path = SearchBarView.swift; sourceTree = "<group>"; };
		7FC1F89028C8A4E100DF3044 /* UIApplication.swift */ = {isa = PBXFileReference; lastKnownFileType = sourcecode.swift; path = UIApplication.swift; sourceTree = "<group>"; };
		7FC1F89228C8D54000DF3044 /* StatisticModel.swift */ = {isa = PBXFileReference; lastKnownFileType = sourcecode.swift; path = StatisticModel.swift; sourceTree = "<group>"; };
		7FC1F89428C8D91D00DF3044 /* StatisticView.swift */ = {isa = PBXFileReference; lastKnownFileType = sourcecode.swift; path = StatisticView.swift; sourceTree = "<group>"; };
		7FC244CB28C4B02200E1461C /* Crypto Tracker.app */ = {isa = PBXFileReference; explicitFileType = wrapper.application; includeInIndex = 0; path = "Crypto Tracker.app"; sourceTree = BUILT_PRODUCTS_DIR; };
		7FC244CE28C4B02200E1461C /* Crypto_TrackerApp.swift */ = {isa = PBXFileReference; lastKnownFileType = sourcecode.swift; path = Crypto_TrackerApp.swift; sourceTree = "<group>"; };
		7FC244D028C4B02200E1461C /* ContentView.swift */ = {isa = PBXFileReference; lastKnownFileType = sourcecode.swift; path = ContentView.swift; sourceTree = "<group>"; };
		7FC244D228C4B02300E1461C /* Assets.xcassets */ = {isa = PBXFileReference; lastKnownFileType = folder.assetcatalog; path = Assets.xcassets; sourceTree = "<group>"; };
		7FC244D528C4B02300E1461C /* Preview Assets.xcassets */ = {isa = PBXFileReference; lastKnownFileType = folder.assetcatalog; path = "Preview Assets.xcassets"; sourceTree = "<group>"; };
		7FC244FD28C4C14100E1461C /* Color.swift */ = {isa = PBXFileReference; lastKnownFileType = sourcecode.swift; path = Color.swift; sourceTree = "<group>"; };
		7FCD7C4328C4C60C009988DD /* HomeView.swift */ = {isa = PBXFileReference; lastKnownFileType = sourcecode.swift; path = HomeView.swift; sourceTree = "<group>"; };
		7FCD7C4728C4CA52009988DD /* CircleButtonView.swift */ = {isa = PBXFileReference; lastKnownFileType = sourcecode.swift; path = CircleButtonView.swift; sourceTree = "<group>"; };
		7FCD7C4928C4FEEF009988DD /* CircleButtonAnimationView.swift */ = {isa = PBXFileReference; lastKnownFileType = sourcecode.swift; path = CircleButtonAnimationView.swift; sourceTree = "<group>"; };
		7FCD7C4C28C527DE009988DD /* CoinModel.swift */ = {isa = PBXFileReference; lastKnownFileType = sourcecode.swift; path = CoinModel.swift; sourceTree = "<group>"; };
		7FCD7C4E28C537C4009988DD /* CoinRowView.swift */ = {isa = PBXFileReference; lastKnownFileType = sourcecode.swift; path = CoinRowView.swift; sourceTree = "<group>"; };
		7FCD7C5028C53841009988DD /* PreviewProvider.swift */ = {isa = PBXFileReference; lastKnownFileType = sourcecode.swift; path = PreviewProvider.swift; sourceTree = "<group>"; };
		7FCD7C5228C54181009988DD /* Double.swift */ = {isa = PBXFileReference; lastKnownFileType = sourcecode.swift; path = Double.swift; sourceTree = "<group>"; };
/* End PBXFileReference section */

/* Begin PBXFrameworksBuildPhase section */
		7FC244C828C4B02200E1461C /* Frameworks */ = {
			isa = PBXFrameworksBuildPhase;
			buildActionMask = 2147483647;
			files = (
			);
			runOnlyForDeploymentPostprocessing = 0;
		};
/* End PBXFrameworksBuildPhase section */

/* Begin PBXGroup section */
		7FAFD47328C69C1B0062FF03 /* Services */ = {
			isa = PBXGroup;
			children = (
				7FAFD47428C69C360062FF03 /* CoinDataService.swift */,
				7FAFD47E28C78C660062FF03 /* CoinImageService.swift */,
				7F7C6EC228C921B200DF6C12 /* MarketDataService.swift */,
				7F7C6ECD28CA904C00DF6C12 /* PortfolioDataService.swift */,
			);
			path = Services;
			sourceTree = "<group>";
		};
		7FAFD47628C764590062FF03 /* Utilities */ = {
			isa = PBXGroup;
			children = (
				7FAFD47728C7646F0062FF03 /* NetworkingManager.swift */,
				7FAFD48228C7A4CF0062FF03 /* LocalFileManager.swift */,
			);
			path = Utilities;
			sourceTree = "<group>";
		};
		7FAFD47928C783BF0062FF03 /* CoinImage */ = {
			isa = PBXGroup;
			children = (
				7FAFD47A28C783D00062FF03 /* CoinImageView.swift */,
				7FAFD48028C78E330062FF03 /* CoinImageViewModel.swift */,
				7F7C6EC828CA0E3E00DF6C12 /* CoinLogoView.swift */,
			);
			path = CoinImage;
			sourceTree = "<group>";
		};
		7FC244C228C4B02200E1461C = {
			isa = PBXGroup;
			children = (
				7FC244CD28C4B02200E1461C /* Crypto Tracker */,
				7FC244CC28C4B02200E1461C /* Products */,
			);
			sourceTree = "<group>";
		};
		7FC244CC28C4B02200E1461C /* Products */ = {
			isa = PBXGroup;
			children = (
				7FC244CB28C4B02200E1461C /* Crypto Tracker.app */,
			);
			name = Products;
			sourceTree = "<group>";
		};
		7FC244CD28C4B02200E1461C /* Crypto Tracker */ = {
			isa = PBXGroup;
			children = (
				7FAFD47628C764590062FF03 /* Utilities */,
				7FC244FC28C4C13700E1461C /* Extension */,
				7FAFD47328C69C1B0062FF03 /* Services */,
				7FCD7C4B28C527CB009988DD /* Model */,
				7FC244FF28C4C4C600E1461C /* Core */,
				7FC244CE28C4B02200E1461C /* Crypto_TrackerApp.swift */,
				7FC244D028C4B02200E1461C /* ContentView.swift */,
				7FC244D228C4B02300E1461C /* Assets.xcassets */,
				7FC244D428C4B02300E1461C /* Preview Content */,
			);
			path = "Crypto Tracker";
			sourceTree = "<group>";
		};
		7FC244D428C4B02300E1461C /* Preview Content */ = {
			isa = PBXGroup;
			children = (
				7FC244D528C4B02300E1461C /* Preview Assets.xcassets */,
			);
			path = "Preview Content";
			sourceTree = "<group>";
		};
		7FC244FC28C4C13700E1461C /* Extension */ = {
			isa = PBXGroup;
			children = (
				7FC244FD28C4C14100E1461C /* Color.swift */,
				7FCD7C5028C53841009988DD /* PreviewProvider.swift */,
				7FCD7C5228C54181009988DD /* Double.swift */,
				7FC1F89028C8A4E100DF3044 /* UIApplication.swift */,
			);
			path = Extension;
			sourceTree = "<group>";
		};
		7FC244FF28C4C4C600E1461C /* Core */ = {
			isa = PBXGroup;
			children = (
				7FCD7C4528C4CA30009988DD /* Components */,
				7FC2450028C4C4D400E1461C /* Home */,
			);
			path = Core;
			sourceTree = "<group>";
		};
		7FC2450028C4C4D400E1461C /* Home */ = {
			isa = PBXGroup;
			children = (
				7FC2450228C4C4DD00E1461C /* ViewModels */,
				7FC2450128C4C4D800E1461C /* Views */,
			);
			path = Home;
			sourceTree = "<group>";
		};
		7FC2450128C4C4D800E1461C /* Views */ = {
			isa = PBXGroup;
			children = (
				7FCD7C4328C4C60C009988DD /* HomeView.swift */,
				7FCD7C4E28C537C4009988DD /* CoinRowView.swift */,
				7F33FF1028C8DF2500A0FCA9 /* HomeStatisticsView.swift */,
				7F7C6EC428C9EDA100DF6C12 /* PortfolioView.swift */,
			);
			path = Views;
			sourceTree = "<group>";
		};
		7FC2450228C4C4DD00E1461C /* ViewModels */ = {
			isa = PBXGroup;
			children = (
				7FAFD47128C6712F0062FF03 /* HomeViewModel.swift */,
			);
			path = ViewModels;
			sourceTree = "<group>";
		};
		7FCD7C4528C4CA30009988DD /* Components */ = {
			isa = PBXGroup;
			children = (
				7FAFD47928C783BF0062FF03 /* CoinImage */,
				7FCD7C4628C4CA39009988DD /* CircleButton */,
				7FC1F88E28C89C7500DF3044 /* SearchBarView.swift */,
				7FC1F89428C8D91D00DF3044 /* StatisticView.swift */,
				7F7C6EC628C9F65F00DF6C12 /* XMarkButton.swift */,
			);
			path = Components;
			sourceTree = "<group>";
		};
		7FCD7C4628C4CA39009988DD /* CircleButton */ = {
			isa = PBXGroup;
			children = (
				7FCD7C4728C4CA52009988DD /* CircleButtonView.swift */,
				7FCD7C4928C4FEEF009988DD /* CircleButtonAnimationView.swift */,
			);
			path = CircleButton;
			sourceTree = "<group>";
		};
		7FCD7C4B28C527CB009988DD /* Model */ = {
			isa = PBXGroup;
			children = (
				7FCD7C4C28C527DE009988DD /* CoinModel.swift */,
				7FC1F89228C8D54000DF3044 /* StatisticModel.swift */,
				7F7C6EC028C9166600DF6C12 /* MarketDataModel.swift */,
				7F7C6ECA28CA8FBF00DF6C12 /* PortfolioContainer.xcdatamodeld */,
			);
			path = Model;
			sourceTree = "<group>";
		};
/* End PBXGroup section */

/* Begin PBXNativeTarget section */
		7FC244CA28C4B02200E1461C /* Crypto Tracker */ = {
			isa = PBXNativeTarget;
			buildConfigurationList = 7FC244D928C4B02300E1461C /* Build configuration list for PBXNativeTarget "Crypto Tracker" */;
			buildPhases = (
				7FC244C728C4B02200E1461C /* Sources */,
				7FC244C828C4B02200E1461C /* Frameworks */,
				7FC244C928C4B02200E1461C /* Resources */,
			);
			buildRules = (
			);
			dependencies = (
			);
			name = "Crypto Tracker";
			productName = "Crypto Tracker";
			productReference = 7FC244CB28C4B02200E1461C /* Crypto Tracker.app */;
			productType = "com.apple.product-type.application";
		};
/* End PBXNativeTarget section */

/* Begin PBXProject section */
		7FC244C328C4B02200E1461C /* Project object */ = {
			isa = PBXProject;
			attributes = {
				BuildIndependentTargetsInParallel = 1;
				LastSwiftUpdateCheck = 1400;
				LastUpgradeCheck = 1400;
				TargetAttributes = {
					7FC244CA28C4B02200E1461C = {
						CreatedOnToolsVersion = 14.0;
					};
				};
			};
			buildConfigurationList = 7FC244C628C4B02200E1461C /* Build configuration list for PBXProject "Crypto Tracker" */;
			compatibilityVersion = "Xcode 14.0";
			developmentRegion = en;
			hasScannedForEncodings = 0;
			knownRegions = (
				en,
				Base,
			);
			mainGroup = 7FC244C228C4B02200E1461C;
			productRefGroup = 7FC244CC28C4B02200E1461C /* Products */;
			projectDirPath = "";
			projectRoot = "";
			targets = (
				7FC244CA28C4B02200E1461C /* Crypto Tracker */,
			);
		};
/* End PBXProject section */

/* Begin PBXResourcesBuildPhase section */
		7FC244C928C4B02200E1461C /* Resources */ = {
			isa = PBXResourcesBuildPhase;
			buildActionMask = 2147483647;
			files = (
				7FC244D628C4B02300E1461C /* Preview Assets.xcassets in Resources */,
				7FC244D328C4B02300E1461C /* Assets.xcassets in Resources */,
			);
			runOnlyForDeploymentPostprocessing = 0;
		};
/* End PBXResourcesBuildPhase section */

/* Begin PBXSourcesBuildPhase section */
		7FC244C728C4B02200E1461C /* Sources */ = {
			isa = PBXSourcesBuildPhase;
			buildActionMask = 2147483647;
			files = (
				7F7C6ECC28CA8FBF00DF6C12 /* PortfolioContainer.xcdatamodeld in Sources */,
				7FC1F89328C8D54000DF3044 /* StatisticModel.swift in Sources */,
				7FAFD47528C69C360062FF03 /* CoinDataService.swift in Sources */,
				7FCD7C4F28C537C4009988DD /* CoinRowView.swift in Sources */,
				7F7C6EC728C9F65F00DF6C12 /* XMarkButton.swift in Sources */,
				7FAFD47228C6712F0062FF03 /* HomeViewModel.swift in Sources */,
				7FC244D128C4B02200E1461C /* ContentView.swift in Sources */,
				7FAFD48328C7A4CF0062FF03 /* LocalFileManager.swift in Sources */,
				7F7C6EC128C9166600DF6C12 /* MarketDataModel.swift in Sources */,
				7F33FF1128C8DF2500A0FCA9 /* HomeStatisticsView.swift in Sources */,
				7FCD7C4428C4C60C009988DD /* HomeView.swift in Sources */,
				7FC1F89528C8D91D00DF3044 /* StatisticView.swift in Sources */,
				7FAFD47B28C783D00062FF03 /* CoinImageView.swift in Sources */,
				7FC244CF28C4B02200E1461C /* Crypto_TrackerApp.swift in Sources */,
				7FC1F89128C8A4E100DF3044 /* UIApplication.swift in Sources */,
				7FCD7C4828C4CA52009988DD /* CircleButtonView.swift in Sources */,
				7FC244FE28C4C14100E1461C /* Color.swift in Sources */,
				7FC1F88F28C89C7500DF3044 /* SearchBarView.swift in Sources */,
				7F7C6EC928CA0E3E00DF6C12 /* CoinLogoView.swift in Sources */,
				7FAFD47828C7646F0062FF03 /* NetworkingManager.swift in Sources */,
				7F7C6EC328C921B200DF6C12 /* MarketDataService.swift in Sources */,
				7FCD7C4A28C4FEEF009988DD /* CircleButtonAnimationView.swift in Sources */,
				7FAFD48128C78E330062FF03 /* CoinImageViewModel.swift in Sources */,
				7FCD7C5128C53841009988DD /* PreviewProvider.swift in Sources */,
				7F7C6EC528C9EDA100DF6C12 /* PortfolioView.swift in Sources */,
				7FCD7C5328C54181009988DD /* Double.swift in Sources */,
				7FAFD47F28C78C660062FF03 /* CoinImageService.swift in Sources */,
				7FCD7C4D28C527DE009988DD /* CoinModel.swift in Sources */,
				7F7C6ECE28CA904C00DF6C12 /* PortfolioDataService.swift in Sources */,
			);
			runOnlyForDeploymentPostprocessing = 0;
		};
/* End PBXSourcesBuildPhase section */

/* Begin XCBuildConfiguration section */
		7FC244D728C4B02300E1461C /* Debug */ = {
			isa = XCBuildConfiguration;
			buildSettings = {
				ALWAYS_SEARCH_USER_PATHS = NO;
				CLANG_ANALYZER_NONNULL = YES;
				CLANG_ANALYZER_NUMBER_OBJECT_CONVERSION = YES_AGGRESSIVE;
				CLANG_CXX_LANGUAGE_STANDARD = "gnu++20";
				CLANG_ENABLE_MODULES = YES;
				CLANG_ENABLE_OBJC_ARC = YES;
				CLANG_ENABLE_OBJC_WEAK = YES;
				CLANG_WARN_BLOCK_CAPTURE_AUTORELEASING = YES;
				CLANG_WARN_BOOL_CONVERSION = YES;
				CLANG_WARN_COMMA = YES;
				CLANG_WARN_CONSTANT_CONVERSION = YES;
				CLANG_WARN_DEPRECATED_OBJC_IMPLEMENTATIONS = YES;
				CLANG_WARN_DIRECT_OBJC_ISA_USAGE = YES_ERROR;
				CLANG_WARN_DOCUMENTATION_COMMENTS = YES;
				CLANG_WARN_EMPTY_BODY = YES;
				CLANG_WARN_ENUM_CONVERSION = YES;
				CLANG_WARN_INFINITE_RECURSION = YES;
				CLANG_WARN_INT_CONVERSION = YES;
				CLANG_WARN_NON_LITERAL_NULL_CONVERSION = YES;
				CLANG_WARN_OBJC_IMPLICIT_RETAIN_SELF = YES;
				CLANG_WARN_OBJC_LITERAL_CONVERSION = YES;
				CLANG_WARN_OBJC_ROOT_CLASS = YES_ERROR;
				CLANG_WARN_QUOTED_INCLUDE_IN_FRAMEWORK_HEADER = YES;
				CLANG_WARN_RANGE_LOOP_ANALYSIS = YES;
				CLANG_WARN_STRICT_PROTOTYPES = YES;
				CLANG_WARN_SUSPICIOUS_MOVE = YES;
				CLANG_WARN_UNGUARDED_AVAILABILITY = YES_AGGRESSIVE;
				CLANG_WARN_UNREACHABLE_CODE = YES;
				CLANG_WARN__DUPLICATE_METHOD_MATCH = YES;
				COPY_PHASE_STRIP = NO;
				DEBUG_INFORMATION_FORMAT = dwarf;
				ENABLE_STRICT_OBJC_MSGSEND = YES;
				ENABLE_TESTABILITY = YES;
				GCC_C_LANGUAGE_STANDARD = gnu11;
				GCC_DYNAMIC_NO_PIC = NO;
				GCC_NO_COMMON_BLOCKS = YES;
				GCC_OPTIMIZATION_LEVEL = 0;
				GCC_PREPROCESSOR_DEFINITIONS = (
					"DEBUG=1",
					"$(inherited)",
				);
				GCC_WARN_64_TO_32_BIT_CONVERSION = YES;
				GCC_WARN_ABOUT_RETURN_TYPE = YES_ERROR;
				GCC_WARN_UNDECLARED_SELECTOR = YES;
				GCC_WARN_UNINITIALIZED_AUTOS = YES_AGGRESSIVE;
				GCC_WARN_UNUSED_FUNCTION = YES;
				GCC_WARN_UNUSED_VARIABLE = YES;
				IPHONEOS_DEPLOYMENT_TARGET = 16.0;
				MTL_ENABLE_DEBUG_INFO = INCLUDE_SOURCE;
				MTL_FAST_MATH = YES;
				ONLY_ACTIVE_ARCH = YES;
				SDKROOT = iphoneos;
				SWIFT_ACTIVE_COMPILATION_CONDITIONS = DEBUG;
				SWIFT_OPTIMIZATION_LEVEL = "-Onone";
			};
			name = Debug;
		};
		7FC244D828C4B02300E1461C /* Release */ = {
			isa = XCBuildConfiguration;
			buildSettings = {
				ALWAYS_SEARCH_USER_PATHS = NO;
				CLANG_ANALYZER_NONNULL = YES;
				CLANG_ANALYZER_NUMBER_OBJECT_CONVERSION = YES_AGGRESSIVE;
				CLANG_CXX_LANGUAGE_STANDARD = "gnu++20";
				CLANG_ENABLE_MODULES = YES;
				CLANG_ENABLE_OBJC_ARC = YES;
				CLANG_ENABLE_OBJC_WEAK = YES;
				CLANG_WARN_BLOCK_CAPTURE_AUTORELEASING = YES;
				CLANG_WARN_BOOL_CONVERSION = YES;
				CLANG_WARN_COMMA = YES;
				CLANG_WARN_CONSTANT_CONVERSION = YES;
				CLANG_WARN_DEPRECATED_OBJC_IMPLEMENTATIONS = YES;
				CLANG_WARN_DIRECT_OBJC_ISA_USAGE = YES_ERROR;
				CLANG_WARN_DOCUMENTATION_COMMENTS = YES;
				CLANG_WARN_EMPTY_BODY = YES;
				CLANG_WARN_ENUM_CONVERSION = YES;
				CLANG_WARN_INFINITE_RECURSION = YES;
				CLANG_WARN_INT_CONVERSION = YES;
				CLANG_WARN_NON_LITERAL_NULL_CONVERSION = YES;
				CLANG_WARN_OBJC_IMPLICIT_RETAIN_SELF = YES;
				CLANG_WARN_OBJC_LITERAL_CONVERSION = YES;
				CLANG_WARN_OBJC_ROOT_CLASS = YES_ERROR;
				CLANG_WARN_QUOTED_INCLUDE_IN_FRAMEWORK_HEADER = YES;
				CLANG_WARN_RANGE_LOOP_ANALYSIS = YES;
				CLANG_WARN_STRICT_PROTOTYPES = YES;
				CLANG_WARN_SUSPICIOUS_MOVE = YES;
				CLANG_WARN_UNGUARDED_AVAILABILITY = YES_AGGRESSIVE;
				CLANG_WARN_UNREACHABLE_CODE = YES;
				CLANG_WARN__DUPLICATE_METHOD_MATCH = YES;
				COPY_PHASE_STRIP = NO;
				DEBUG_INFORMATION_FORMAT = "dwarf-with-dsym";
				ENABLE_NS_ASSERTIONS = NO;
				ENABLE_STRICT_OBJC_MSGSEND = YES;
				GCC_C_LANGUAGE_STANDARD = gnu11;
				GCC_NO_COMMON_BLOCKS = YES;
				GCC_WARN_64_TO_32_BIT_CONVERSION = YES;
				GCC_WARN_ABOUT_RETURN_TYPE = YES_ERROR;
				GCC_WARN_UNDECLARED_SELECTOR = YES;
				GCC_WARN_UNINITIALIZED_AUTOS = YES_AGGRESSIVE;
				GCC_WARN_UNUSED_FUNCTION = YES;
				GCC_WARN_UNUSED_VARIABLE = YES;
				IPHONEOS_DEPLOYMENT_TARGET = 16.0;
				MTL_ENABLE_DEBUG_INFO = NO;
				MTL_FAST_MATH = YES;
				SDKROOT = iphoneos;
				SWIFT_COMPILATION_MODE = wholemodule;
				SWIFT_OPTIMIZATION_LEVEL = "-O";
				VALIDATE_PRODUCT = YES;
			};
			name = Release;
		};
		7FC244DA28C4B02300E1461C /* Debug */ = {
			isa = XCBuildConfiguration;
			buildSettings = {
				ASSETCATALOG_COMPILER_APPICON_NAME = AppIcon;
				ASSETCATALOG_COMPILER_GLOBAL_ACCENT_COLOR_NAME = AccentColor;
				CODE_SIGN_STYLE = Automatic;
				CURRENT_PROJECT_VERSION = 1;
				DEVELOPMENT_ASSET_PATHS = "\"Crypto Tracker/Preview Content\"";
				DEVELOPMENT_TEAM = T8DT652963;
				ENABLE_PREVIEWS = YES;
				GENERATE_INFOPLIST_FILE = YES;
				INFOPLIST_KEY_CFBundleDisplayName = "Crypto Tracker";
				INFOPLIST_KEY_LSApplicationCategoryType = "public.app-category.reference";
				INFOPLIST_KEY_UIApplicationSceneManifest_Generation = YES;
				INFOPLIST_KEY_UIApplicationSupportsIndirectInputEvents = YES;
				INFOPLIST_KEY_UILaunchScreen_Generation = YES;
				INFOPLIST_KEY_UISupportedInterfaceOrientations = UIInterfaceOrientationPortrait;
				INFOPLIST_KEY_UISupportedInterfaceOrientations_iPad = "UIInterfaceOrientationPortrait UIInterfaceOrientationPortraitUpsideDown";
				LD_RUNPATH_SEARCH_PATHS = (
					"$(inherited)",
					"@executable_path/Frameworks",
				);
				MARKETING_VERSION = 1.0;
				PRODUCT_BUNDLE_IDENTIFIER = "com.yigitozdamar.Crypto-Tracker";
				PRODUCT_NAME = "$(TARGET_NAME)";
				SUPPORTED_PLATFORMS = "iphoneos iphonesimulator";
				SUPPORTS_MACCATALYST = NO;
				SUPPORTS_MAC_DESIGNED_FOR_IPHONE_IPAD = NO;
				SWIFT_EMIT_LOC_STRINGS = YES;
				SWIFT_VERSION = 5.0;
				TARGETED_DEVICE_FAMILY = "1,2";
			};
			name = Debug;
		};
		7FC244DB28C4B02300E1461C /* Release */ = {
			isa = XCBuildConfiguration;
			buildSettings = {
				ASSETCATALOG_COMPILER_APPICON_NAME = AppIcon;
				ASSETCATALOG_COMPILER_GLOBAL_ACCENT_COLOR_NAME = AccentColor;
				CODE_SIGN_STYLE = Automatic;
				CURRENT_PROJECT_VERSION = 1;
				DEVELOPMENT_ASSET_PATHS = "\"Crypto Tracker/Preview Content\"";
				DEVELOPMENT_TEAM = T8DT652963;
				ENABLE_PREVIEWS = YES;
				GENERATE_INFOPLIST_FILE = YES;
				INFOPLIST_KEY_CFBundleDisplayName = "Crypto Tracker";
				INFOPLIST_KEY_LSApplicationCategoryType = "public.app-category.reference";
				INFOPLIST_KEY_UIApplicationSceneManifest_Generation = YES;
				INFOPLIST_KEY_UIApplicationSupportsIndirectInputEvents = YES;
				INFOPLIST_KEY_UILaunchScreen_Generation = YES;
				INFOPLIST_KEY_UISupportedInterfaceOrientations = UIInterfaceOrientationPortrait;
				INFOPLIST_KEY_UISupportedInterfaceOrientations_iPad = "UIInterfaceOrientationPortrait UIInterfaceOrientationPortraitUpsideDown";
				LD_RUNPATH_SEARCH_PATHS = (
					"$(inherited)",
					"@executable_path/Frameworks",
				);
				MARKETING_VERSION = 1.0;
				PRODUCT_BUNDLE_IDENTIFIER = "com.yigitozdamar.Crypto-Tracker";
				PRODUCT_NAME = "$(TARGET_NAME)";
				SUPPORTED_PLATFORMS = "iphoneos iphonesimulator";
				SUPPORTS_MACCATALYST = NO;
				SUPPORTS_MAC_DESIGNED_FOR_IPHONE_IPAD = NO;
				SWIFT_EMIT_LOC_STRINGS = YES;
				SWIFT_VERSION = 5.0;
				TARGETED_DEVICE_FAMILY = "1,2";
			};
			name = Release;
		};
/* End XCBuildConfiguration section */

/* Begin XCConfigurationList section */
		7FC244C628C4B02200E1461C /* Build configuration list for PBXProject "Crypto Tracker" */ = {
			isa = XCConfigurationList;
			buildConfigurations = (
				7FC244D728C4B02300E1461C /* Debug */,
				7FC244D828C4B02300E1461C /* Release */,
			);
			defaultConfigurationIsVisible = 0;
			defaultConfigurationName = Release;
		};
		7FC244D928C4B02300E1461C /* Build configuration list for PBXNativeTarget "Crypto Tracker" */ = {
			isa = XCConfigurationList;
			buildConfigurations = (
				7FC244DA28C4B02300E1461C /* Debug */,
				7FC244DB28C4B02300E1461C /* Release */,
			);
			defaultConfigurationIsVisible = 0;
			defaultConfigurationName = Release;
		};
/* End XCConfigurationList section */

/* Begin XCVersionGroup section */
		7F7C6ECA28CA8FBF00DF6C12 /* PortfolioContainer.xcdatamodeld */ = {
			isa = XCVersionGroup;
			children = (
				7F7C6ECB28CA8FBF00DF6C12 /* PortfolioContainer.xcdatamodel */,
			);
			currentVersion = 7F7C6ECB28CA8FBF00DF6C12 /* PortfolioContainer.xcdatamodel */;
			path = PortfolioContainer.xcdatamodeld;
			sourceTree = "<group>";
			versionGroupType = wrapper.xcdatamodel;
		};
/* End XCVersionGroup section */
	};
	rootObject = 7FC244C328C4B02200E1461C /* Project object */;
}
